
Microsoft Visual Studio Solution File, Format Version 12.00
# Visual Studio Version 17
VisualStudioVersion = 17.1.32228.430
MinimumVisualStudioVersion = 10.0.40219.1
Project("{FAE04EC0-301F-11D3-BF4B-00C04F79EFBC}") = "Tshape_AutomationTesting", "Tshape_AutomationTesting\Tshape_AutomationTesting.csproj", "{EC64D4A9-DFA5-41D6-9FCC-068C8D45F643}"
EndProject
Global
	GlobalSection(SolutionConfigurationPlatforms) = preSolution
		Debug|Any CPU = Debug|Any CPU
		Release|Any CPU = Release|Any CPU
	EndGlobalSection
	GlobalSection(ProjectConfigurationPlatforms) = postSolution
		{EC64D4A9-DFA5-41D6-9FCC-068C8D45F643}.Debug|Any CPU.ActiveCfg = Debug|Any CPU
		{EC64D4A9-DFA5-41D6-9FCC-068C8D45F643}.Debug|Any CPU.Build.0 = Debug|Any CPU
		{EC64D4A9-DFA5-41D6-9FCC-068C8D45F643}.Release|Any CPU.ActiveCfg = Release|Any CPU
		{EC64D4A9-DFA5-41D6-9FCC-068C8D45F643}.Release|Any CPU.Build.0 = Release|Any CPU
	EndGlobalSection
	GlobalSection(SolutionProperties) = preSolution
		HideSolutionNode = FALSE
	EndGlobalSection
	GlobalSection(ExtensibilityGlobals) = postSolution
		SolutionGuid = {55208E60-AE20-404E-A073-0EF4146439B1}
	EndGlobalSection
EndGlobal
